PODS:
  - Auth0 (2.10.0):
    - JWTDecode (= 3.2.0)
    - SimpleKeychain (= 1.2.0)
  - auth0_flutter (1.9.0):
    - Auth0 (= 2.10.0)
    - Flutter
    - FlutterMacOS
    - JWTDecode (= 3.2.0)
    - SimpleKeychain (= 1.2.0)
  - device_info_plus (0.0.1):
    - Flutter
  - Flutter (1.0.0)
  - health (12.1.0):
    - Flutter
  - JWTDecode (3.2.0)
  - SimpleKeychain (1.2.0)

DEPENDENCIES:
  - auth0_flutter (from `.symlinks/plugins/auth0_flutter/darwin`)
  - device_info_plus (from `.symlinks/plugins/device_info_plus/ios`)
  - Flutter (from `Flutter`)
  - health (from `.symlinks/plugins/health/ios`)

SPEC REPOS:
  trunk:
    - Auth0
    - JWTDecode
    - SimpleKeychain

EXTERNAL SOURCES:
  auth0_flutter:
    :path: ".symlinks/plugins/auth0_flutter/darwin"
  device_info_plus:
    :path: ".symlinks/plugins/device_info_plus/ios"
  Flutter:
    :path: Flutter
  health:
    :path: ".symlinks/plugins/health/ios"

SPEC CHECKSUMS:
  Auth0: 2876d0c36857422eda9cb580a6cc896c7d14cb36
  auth0_flutter: eb1c74a8ddbd0a08533e47838a885b39c11b3951
  device_info_plus: 21fcca2080fbcd348be798aa36c3e5ed849eefbe
  Flutter: e0871f40cf51350855a761d2e70bf5af5b9b5de7
  health: a27e55f6f9682483a8bb8fd280084d025b80b478
  JWTDecode: 7dae24cb9bf9b608eae61e5081029ec169bb5527
  SimpleKeychain: 768cf43ae778b1c21816e94dddf01bb8ee96a075

PODFILE CHECKSUM: e30f02f9d1c72c47bb6344a0a748c9d268180865

COCOAPODS: 1.16.2
